// !$*UTF8*$!
{
	archiveVersion = 1;
	classes = {
	};
	objectVersion = 46;
	objects = {

/* Begin PBXBuildFile section */
		D21FB3161D7E6864000B630B /* main.swift in Sources */ = {isa = PBXBuildFile; fileRef = D21FB3151D7E6864000B630B /* main.swift */; };
		D21FB31F1D7E6883000B630B /* Operation.swift in Sources */ = {isa = PBXBuildFile; fileRef = D21FB31C1D7E6883000B630B /* Operation.swift */; };
		D21FB3201D7E6883000B630B /* OperationProcess.swift in Sources */ = {isa = PBXBuildFile; fileRef = D21FB31D1D7E6883000B630B /* OperationProcess.swift */; };
		D21FB3211D7E6883000B630B /* Target.swift in Sources */ = {isa = PBXBuildFile; fileRef = D21FB31E1D7E6883000B630B /* Target.swift */; };
/* End PBXBuildFile section */

/* Begin PBXCopyFilesBuildPhase section */
		D21FB3101D7E6864000B630B /* CopyFiles */ = {
			isa = PBXCopyFilesBuildPhase;
			buildActionMask = 2147483647;
			dstPath = /usr/share/man/man1/;
			dstSubfolderSpec = 0;
			files = (
			);
			runOnlyForDeploymentPostprocessing = 1;
		};
/* End PBXCopyFilesBuildPhase section */

/* Begin PBXFileReference section */
		D21FB3121D7E6864000B630B /* What'sWrongWithMyProtocol */ = {isa = PBXFileReference; explicitFileType = "compiled.mach-o.executable"; includeInIndex = 0; path = "What'sWrongWithMyProtocol"; sourceTree = BUILT_PRODUCTS_DIR; };
		D21FB3151D7E6864000B630B /* main.swift */ = {isa = PBXFileReference; lastKnownFileType = sourcecode.swift; path = main.swift; sourceTree = "<group>"; };
		D21FB31C1D7E6883000B630B /* Operation.swift */ = {isa = PBXFileReference; fileEncoding = 4; lastKnownFileType = sourcecode.swift; path = Operation.swift; sourceTree = "<group>"; };
		D21FB31D1D7E6883000B630B /* OperationProcess.swift */ = {isa = PBXFileReference; fileEncoding = 4; lastKnownFileType = sourcecode.swift; path = OperationProcess.swift; sourceTree = "<group>"; };
		D21FB31E1D7E6883000B630B /* Target.swift */ = {isa = PBXFileReference; fileEncoding = 4; lastKnownFileType = sourcecode.swift; path = Target.swift; sourceTree = "<group>"; };
/* End PBXFileReference section */

/* Begin PBXFrameworksBuildPhase section */
		D21FB30F1D7E6864000B630B /* Frameworks */ = {
			isa = PBXFrameworksBuildPhase;
			buildActionMask = 2147483647;
			files = (
			);
			runOnlyForDeploymentPostprocessing = 0;
		};
/* End PBXFrameworksBuildPhase section */

/* Begin PBXGroup section */
		D21FB3091D7E6864000B630B = {
			isa = PBXGroup;
			children = (
				D21FB3141D7E6864000B630B /* What'sWrongWithMyProtocol */,
				D21FB3131D7E6864000B630B /* Products */,
			);
			sourceTree = "<group>";
		};
		D21FB3131D7E6864000B630B /* Products */ = {
			isa = PBXGroup;
			children = (
				D21FB3121D7E6864000B630B /* What'sWrongWithMyProtocol */,
			);
			name = Products;
			sourceTree = "<group>";
		};
		D21FB3141D7E6864000B630B /* What'sWrongWithMyProtocol */ = {
			isa = PBXGroup;
			children = (
				D21FB3151D7E6864000B630B /* main.swift */,
				D21FB31C1D7E6883000B630B /* Operation.swift */,
				D21FB31D1D7E6883000B630B /* OperationProcess.swift */,
				D21FB31E1D7E6883000B630B /* Target.swift */,
			);
			path = "What'sWrongWithMyProtocol";
			sourceTree = "<group>";
		};
/* End PBXGroup section */

/* Begin PBXNativeTarget section */
		D21FB3111D7E6864000B630B /* What'sWrongWithMyProtocol */ = {
			isa = PBXNativeTarget;
			buildConfigurationList = D21FB3191D7E6864000B630B /* Build configuration list for PBXNativeTarget "What'sWrongWithMyProtocol" */;
			buildPhases = (
				D21FB30E1D7E6864000B630B /* Sources */,
				D21FB30F1D7E6864000B630B /* Frameworks */,
				D21FB3101D7E6864000B630B /* CopyFiles */,
			);
			buildRules = (
			);
			dependencies = (
			);
			name = "What'sWrongWithMyProtocol";
			productName = "What'sWrongWithMyProtocol";
			productReference = D21FB3121D7E6864000B630B /* What'sWrongWithMyProtocol */;
			productType = "com.apple.product-type.tool";
		};
/* End PBXNativeTarget section */

/* Begin PBXProject section */
		D21FB30A1D7E6864000B630B /* Project object */ = {
			isa = PBXProject;
			attributes = {
				LastSwiftUpdateCheck = 0730;
				LastUpgradeCheck = 0800;
				ORGANIZATIONNAME = Test;
				TargetAttributes = {
					D21FB3111D7E6864000B630B = {
						CreatedOnToolsVersion = 7.3.1;
						LastSwiftMigration = 0800;
					};
				};
			};
			buildConfigurationList = D21FB30D1D7E6864000B630B /* Build configuration list for PBXProject "What'sWrongWithMyProtocol" */;
			compatibilityVersion = "Xcode 3.2";
			developmentRegion = English;
			hasScannedForEncodings = 0;
			knownRegions = (
				en,
			);
			mainGroup = D21FB3091D7E6864000B630B;
			productRefGroup = D21FB3131D7E6864000B630B /* Products */;
			projectDirPath = "";
			projectRoot = "";
			targets = (
				D21FB3111D7E6864000B630B /* What'sWrongWithMyProtocol */,
			);
		};
/* End PBXProject section */

/* Begin PBXSourcesBuildPhase section */
		D21FB30E1D7E6864000B630B /* Sources */ = {
			isa = PBXSourcesBuildPhase;
			buildActionMask = 2147483647;
			files = (
				D21FB3161D7E6864000B630B /* main.swift in Sources */,
				D21FB3201D7E6883000B630B /* OperationProcess.swift in Sources */,
				D21FB3211D7E6883000B630B /* Target.swift in Sources */,
				D21FB31F1D7E6883000B630B /* Operation.swift in Sources */,
			);
			runOnlyForDeploymentPostprocessing = 0;
		};
/* End PBXSourcesBuildPhase section */

/* Begin XCBuildConfiguration section */
		D21FB3171D7E6864000B630B /* Debug */ = {
			isa = XCBuildConfiguration;
			buildSettings = {
				ALWAYS_SEARCH_USER_PATHS = NO;
				CLANG_ANALYZER_NONNULL = YES;
				CLANG_CXX_LANGUAGE_STANDARD = "gnu++0x";
				CLANG_CXX_LIBRARY = "libc++";
				CLANG_ENABLE_MODULES = YES;
				CLANG_ENABLE_OBJC_ARC = YES;
				CLANG_WARN_BOOL_CONVERSION = YES;
				CLANG_WARN_CONSTANT_CONVERSION = YES;
				CLANG_WARN_DIRECT_OBJC_ISA_USAGE = YES_ERROR;
				CLANG_WARN_EMPTY_BODY = YES;
				CLANG_WARN_ENUM_CONVERSION = YES;
				CLANG_WARN_INFINITE_RECURSION = YES;
				CLANG_WARN_INT_CONVERSION = YES;
				CLANG_WARN_OBJC_ROOT_CLASS = YES_ERROR;
				CLANG_WARN_SUSPICIOUS_MOVE = YES;
				CLANG_WARN_UNREACHABLE_CODE = YES;
				CLANG_WARN__DUPLICATE_METHOD_MATCH = YES;
				CODE_SIGN_IDENTITY = "-";
				COPY_PHASE_STRIP = NO;
				DEBUG_INFORMATION_FORMAT = dwarf;
				ENABLE_STRICT_OBJC_MSGSEND = YES;
				ENABLE_TESTABILITY = YES;
				GCC_C_LANGUAGE_STANDARD = gnu99;
				GCC_DYNAMIC_NO_PIC = NO;
				GCC_NO_COMMON_BLOCKS = YES;
				GCC_OPTIMIZATION_LEVEL = 0;
				GCC_PREPROCESSOR_DEFINITIONS = (
					"DEBUG=1",
					"$(inherited)",
				);
				GCC_WARN_64_TO_32_BIT_CONVERSION = YES;
				GCC_WARN_ABOUT_RETURN_TYPE = YES_ERROR;
				GCC_WARN_UNDECLARED_SELECTOR = YES;
				GCC_WARN_UNINITIALIZED_AUTOS = YES_AGGRESSIVE;
				GCC_WARN_UNUSED_FUNCTION = YES;
				GCC_WARN_UNUSED_VARIABLE = YES;
				MACOSX_DEPLOYMENT_TARGET = 10.11;
				MTL_ENABLE_DEBUG_INFO = YES;
				ONLY_ACTIVE_ARCH = YES;
				SDKROOT = macosx;
				SWIFT_OPTIMIZATION_LEVEL = "-Onone";
			};
			name = Debug;
		};
		D21FB3181D7E6864000B630B /* Release */ = {
			isa = XCBuildConfiguration;
			buildSettings = {
				ALWAYS_SEARCH_USER_PATHS = NO;
				CLANG_ANALYZER_NONNULL = YES;
				CLANG_CXX_LANGUAGE_STANDARD = "gnu++0x";
				CLANG_CXX_LIBRARY = "libc++";
				CLANG_ENABLE_MODULES = YES;
				CLANG_ENABLE_OBJC_ARC = YES;
				CLANG_WARN_BOOL_CONVERSION = YES;
				CLANG_WARN_CONSTANT_CONVERSION = YES;
				CLANG_WARN_DIRECT_OBJC_ISA_USAGE = YES_ERROR;
				CLANG_WARN_EMPTY_BODY = YES;
				CLANG_WARN_ENUM_CONVERSION = YES;
				CLANG_WARN_INFINITE_RECURSION = YES;
				CLANG_WARN_INT_CONVERSION = YES;
				CLANG_WARN_OBJC_ROOT_CLASS = YES_ERROR;
				CLANG_WARN_SUSPICIOUS_MOVE = YES;
				CLANG_WARN_UNREACHABLE_CODE = YES;
				CLANG_WARN__DUPLICATE_METHOD_MATCH = YES;
				CODE_SIGN_IDENTITY = "-";
				COPY_PHASE_STRIP = NO;
				DEBUG_INFORMATION_FORMAT = "dwarf-with-dsym";
				ENABLE_NS_ASSERTIONS = NO;
				ENABLE_STRICT_OBJC_MSGSEND = YES;
				GCC_C_LANGUAGE_STANDARD = gnu99;
				GCC_NO_COMMON_BLOCKS = YES;
				GCC_WARN_64_TO_32_BIT_CONVERSION = YES;
				GCC_WARN_ABOUT_RETURN_TYPE = YES_ERROR;
				GCC_WARN_UNDECLARED_SELECTOR = YES;
				GCC_WARN_UNINITIALIZED_AUTOS = YES_AGGRESSIVE;
				GCC_WARN_UNUSED_FUNCTION = YES;
				GCC_WARN_UNUSED_VARIABLE = YES;
				MACOSX_DEPLOYMENT_TARGET = 10.11;
				MTL_ENABLE_DEBUG_INFO = NO;
				SDKROOT = macosx;
				SWIFT_OPTIMIZATION_LEVEL = "-Owholemodule";
			};
			name = Release;
		};
		D21FB31A1D7E6864000B630B /* Debug */ = {
			isa = XCBuildConfiguration;
			buildSettings = {
				PRODUCT_NAME = "$(TARGET_NAME)";
				SWIFT_VERSION = 3.0;
			};
			name = Debug;
		};
		D21FB31B1D7E6864000B630B /* Release */ = {
			isa = XCBuildConfiguration;
			buildSettings = {
				PRODUCT_NAME = "$(TARGET_NAME)";
				SWIFT_VERSION = 3.0;
			};
			name = Release;
		};
/* End XCBuildConfiguration section */

/* Begin XCConfigurationList section */
		D21FB30D1D7E6864000B630B /* Build configuration list for PBXProject "What'sWrongWithMyProtocol" */ = {
			isa = XCConfigurationList;
			buildConfigurations = (
				D21FB3171D7E6864000B630B /* Debug */,
				D21FB3181D7E6864000B630B /* Release */,
			);
			defaultConfigurationIsVisible = 0;
			defaultConfigurationName = Release;
		};
		D21FB3191D7E6864000B630B /* Build configuration list for PBXNativeTarget "What'sWrongWithMyProtocol" */ = {
			isa = XCConfigurationList;
			buildConfigurations = (
				D21FB31A1D7E6864000B630B /* Debug */,
				D21FB31B1D7E6864000B630B /* Release */,
			);
			defaultConfigurationIsVisible = 0;
			defaultConfigurationName = Release;
		};
/* End XCConfigurationList section */
	};
	rootObject = D21FB30A1D7E6864000B630B /* Project object */;
}
